// !$*UTF8*$!
{
	archiveVersion = 1;
	classes = {
	};
	objectVersion = 77;
	objects = {

/* Begin PBXBuildFile section */
		C2D3676D2FA8B2290038A85F /* GoogleService-Info.plist in Resources */ = {isa = PBXBuildFile; fileRef = C2D3676C2FA8B2290038A85F /* GoogleService-Info.plist */; };
		C2D367702FA8B4390038A85F /* FirebaseAI in Frameworks */ = {isa = PBXBuildFile; productRef = C2D3676F2FA8B4390038A85F /* FirebaseAI */; };
		C2D367722FA8B4390038A85F /* FirebaseAILogic in Frameworks */ = {isa = PBXBuildFile; productRef = C2D367712FA8B4390038A85F /* FirebaseAILogic */; };
		C2D367742FA8B4390038A85F /* FirebaseCore in Frameworks */ = {isa = PBXBuildFile; productRef = C2D367732FA8B4390038A85F /* FirebaseCore */; };
		C2D367762FA8B4390038A85F /* FirebaseFirestore in Frameworks */ = {isa = PBXBuildFile; productRef = C2D367752FA8B4390038A85F /* FirebaseFirestore */; };
		C2D367782FA8B4390038A85F /* FirebaseStorage in Frameworks */ = {isa = PBXBuildFile; productRef = C2D367772FA8B4390038A85F /* FirebaseStorage */; };
		C2D3699D2FA8DC590038A85F /* RevenueCat in Frameworks */ = {isa = PBXBuildFile; productRef = C2D3699C2FA8DC590038A85F /* RevenueCat */; };
		C2D3699F2FA8DC590038A85F /* RevenueCatUI in Frameworks */ = {isa = PBXBuildFile; productRef = C2D3699E2FA8DC590038A85F /* RevenueCatUI */; };
/* End PBXBuildFile section */

/* Begin PBXContainerItemProxy section */
		CDEF937C2FA8AE850062DAF9 /* PBXContainerItemProxy */ = {
			isa = PBXContainerItemProxy;
			containerPortal = CDEF93662FA8AE840062DAF9 /* Project object */;
			proxyType = 1;
			remoteGlobalIDString = CDEF936D2FA8AE840062DAF9;
			remoteInfo = "dAIly drip";
		};
		CDEF93862FA8AE860062DAF9 /* PBXContainerItemProxy */ = {
			isa = PBXContainerItemProxy;
			containerPortal = CDEF93662FA8AE840062DAF9 /* Project object */;
			proxyType = 1;
			remoteGlobalIDString = CDEF936D2FA8AE840062DAF9;
			remoteInfo = "dAIly drip";
		};
/* End PBXContainerItemProxy section */

/* Begin PBXFileReference section */
		C2D3676C2FA8B2290038A85F /* GoogleService-Info.plist */ = {isa = PBXFileReference; lastKnownFileType = text.plist.xml; path = "GoogleService-Info.plist"; sourceTree = "<group>"; };
		CDEF936E2FA8AE840062DAF9 /* dAIly drip.app */ = {isa = PBXFileReference; explicitFileType = wrapper.application; includeInIndex = 0; path = "dAIly drip.app"; sourceTree = BUILT_PRODUCTS_DIR; };
		CDEF937B2FA8AE850062DAF9 /* dAIly dripTests.xctest */ = {isa = PBXFileReference; explicitFileType = wrapper.cfbundle; includeInIndex = 0; path = "dAIly dripTests.xctest"; sourceTree = BUILT_PRODUCTS_DIR; };
		CDEF93852FA8AE860062DAF9 /* dAIly dripUITests.xctest */ = {isa = PBXFileReference; explicitFileType = wrapper.cfbundle; includeInIndex = 0; path = "dAIly dripUITests.xctest"; sourceTree = BUILT_PRODUCTS_DIR; };
/* End PBXFileReference section */

/* Begin PBXFileSystemSynchronizedRootGroup section */
		CDEF93702FA8AE840062DAF9 /* dAIly drip */ = {
			isa = PBXFileSystemSynchronizedRootGroup;
			path = "dAIly drip";
			sourceTree = "<group>";
		};
		CDEF937E2FA8AE850062DAF9 /* dAIly dripTests */ = {
			isa = PBXFileSystemSynchronizedRootGroup;
			path = "dAIly dripTests";
			sourceTree = "<group>";
		};
		CDEF93882FA8AE860062DAF9 /* dAIly dripUITests */ = {
			isa = PBXFileSystemSynchronizedRootGroup;
			path = "dAIly dripUITests";
			sourceTree = "<group>";
		};
/* End PBXFileSystemSynchronizedRootGroup section */

/* Begin PBXFrameworksBuildPhase section */
		CDEF936B2FA8AE840062DAF9 /* Frameworks */ = {
			isa = PBXFrameworksBuildPhase;
			buildActionMask = 2147483647;
			files = (
				C2D367722FA8B4390038A85F /* FirebaseAILogic in Frameworks */,
				C2D367762FA8B4390038A85F /* FirebaseFirestore in Frameworks */,
				C2D3699F2FA8DC590038A85F /* RevenueCatUI in Frameworks */,
				C2D3699D2FA8DC590038A85F /* RevenueCat in Frameworks */,
				C2D367742FA8B4390038A85F /* FirebaseCore in Frameworks */,
				C2D367782FA8B4390038A85F /* FirebaseStorage in Frameworks */,
				C2D367702FA8B4390038A85F /* FirebaseAI in Frameworks */,
			);
			runOnlyForDeploymentPostprocessing = 0;
		};
		CDEF93782FA8AE850062DAF9 /* Frameworks */ = {
			isa = PBXFrameworksBuildPhase;
			buildActionMask = 2147483647;
			files = (
			);
			runOnlyForDeploymentPostprocessing = 0;
		};
		CDEF93822FA8AE860062DAF9 /* Frameworks */ = {
			isa = PBXFrameworksBuildPhase;
			buildActionMask = 2147483647;
			files = (
			);
			runOnlyForDeploymentPostprocessing = 0;
		};
/* End PBXFrameworksBuildPhase section */

/* Begin PBXGroup section */
		CDEF93652FA8AE840062DAF9 = {
			isa = PBXGroup;
			children = (
				C2D3676C2FA8B2290038A85F /* GoogleService-Info.plist */,
				CDEF93702FA8AE840062DAF9 /* dAIly drip */,
				CDEF937E2FA8AE850062DAF9 /* dAIly dripTests */,
				CDEF93882FA8AE860062DAF9 /* dAIly dripUITests */,
				CDEF936F2FA8AE840062DAF9 /* Products */,
			);
			sourceTree = "<group>";
		};
		CDEF936F2FA8AE840062DAF9 /* Products */ = {
			isa = PBXGroup;
			children = (
				CDEF936E2FA8AE840062DAF9 /* dAIly drip.app */,
				CDEF937B2FA8AE850062DAF9 /* dAIly dripTests.xctest */,
				CDEF93852FA8AE860062DAF9 /* dAIly dripUITests.xctest */,
			);
			name = Products;
			sourceTree = "<group>";
		};
/* End PBXGroup section */

/* Begin PBXNativeTarget section */
		CDEF936D2FA8AE840062DAF9 /* dAIly drip */ = {
			isa = PBXNativeTarget;
			buildConfigurationList = CDEF938F2FA8AE860062DAF9 /* Build configuration list for PBXNativeTarget "dAIly drip" */;
			buildPhases = (
				CDEF936A2FA8AE840062DAF9 /* Sources */,
				CDEF936B2FA8AE840062DAF9 /* Frameworks */,
				CDEF936C2FA8AE840062DAF9 /* Resources */,
			);
			buildRules = (
			);
			dependencies = (
			);
			fileSystemSynchronizedGroups = (
				CDEF93702FA8AE840062DAF9 /* dAIly drip */,
			);
			name = "dAIly drip";
			packageProductDependencies = (
				C2D3676F2FA8B4390038A85F /* FirebaseAI */,
				C2D367712FA8B4390038A85F /* FirebaseAILogic */,
				C2D367732FA8B4390038A85F /* FirebaseCore */,
				C2D367752FA8B4390038A85F /* FirebaseFirestore */,
				C2D367772FA8B4390038A85F /* FirebaseStorage */,
				C2D3699C2FA8DC590038A85F /* RevenueCat */,
				C2D3699E2FA8DC590038A85F /* RevenueCatUI */,
			);
			productName = "dAIly drip";
			productReference = CDEF936E2FA8AE840062DAF9 /* dAIly drip.app */;
			productType = "com.apple.product-type.application";
		};
		CDEF937A2FA8AE850062DAF9 /* dAIly dripTests */ = {
			isa = PBXNativeTarget;
			buildConfigurationList = CDEF93922FA8AE860062DAF9 /* Build configuration list for PBXNativeTarget "dAIly dripTests" */;
			buildPhases = (
				CDEF93772FA8AE850062DAF9 /* Sources */,
				CDEF93782FA8AE850062DAF9 /* Frameworks */,
				CDEF93792FA8AE850062DAF9 /* Resources */,
			);
			buildRules = (
			);
			dependencies = (
				CDEF937D2FA8AE850062DAF9 /* PBXTargetDependency */,
			);
			fileSystemSynchronizedGroups = (
				CDEF937E2FA8AE850062DAF9 /* dAIly dripTests */,
			);
			name = "dAIly dripTests";
			packageProductDependencies = (
			);
			productName = "dAIly dripTests";
			productReference = CDEF937B2FA8AE850062DAF9 /* dAIly dripTests.xctest */;
			productType = "com.apple.product-type.bundle.unit-test";
		};
		CDEF93842FA8AE860062DAF9 /* dAIly dripUITests */ = {
			isa = PBXNativeTarget;
			buildConfigurationList = CDEF93952FA8AE860062DAF9 /* Build configuration list for PBXNativeTarget "dAIly dripUITests" */;
			buildPhases = (
				CDEF93812FA8AE860062DAF9 /* Sources */,
				CDEF93822FA8AE860062DAF9 /* Frameworks */,
				CDEF93832FA8AE860062DAF9 /* Resources */,
			);
			buildRules = (
			);
			dependencies = (
				CDEF93872FA8AE860062DAF9 /* PBXTargetDependency */,
			);
			fileSystemSynchronizedGroups = (
				CDEF93882FA8AE860062DAF9 /* dAIly dripUITests */,
			);
			name = "dAIly dripUITests";
			packageProductDependencies = (
			);
			productName = "dAIly dripUITests";
			productReference = CDEF93852FA8AE860062DAF9 /* dAIly dripUITests.xctest */;
			productType = "com.apple.product-type.bundle.ui-testing";
		};
/* End PBXNativeTarget section */

/* Begin PBXProject section */
		CDEF93662FA8AE840062DAF9 /* Project object */ = {
			isa = PBXProject;
			attributes = {
				BuildIndependentTargetsInParallel = 1;
				LastSwiftUpdateCheck = 2630;
				LastUpgradeCheck = 2630;
				TargetAttributes = {
					CDEF936D2FA8AE840062DAF9 = {
						CreatedOnToolsVersion = 26.3;
					};
					CDEF937A2FA8AE850062DAF9 = {
						CreatedOnToolsVersion = 26.3;
						TestTargetID = CDEF936D2FA8AE840062DAF9;
					};
					CDEF93842FA8AE860062DAF9 = {
						CreatedOnToolsVersion = 26.3;
						TestTargetID = CDEF936D2FA8AE840062DAF9;
					};
				};
			};
			buildConfigurationList = CDEF93692FA8AE840062DAF9 /* Build configuration list for PBXProject "dAIly drip" */;
			developmentRegion = en;
			hasScannedForEncodings = 0;
			knownRegions = (
				en,
				Base,
			);
			mainGroup = CDEF93652FA8AE840062DAF9;
			minimizedProjectReferenceProxies = 1;
			packageReferences = (
				C2D3676E2FA8B4390038A85F /* XCRemoteSwiftPackageReference "firebase-ios-sdk" */,
				C2D3699B2FA8DC590038A85F /* XCRemoteSwiftPackageReference "purchases-ios-spm" */,
			);
			preferredProjectObjectVersion = 77;
			productRefGroup = CDEF936F2FA8AE840062DAF9 /* Products */;
			projectDirPath = "";
			projectRoot = "";
			targets = (
				CDEF936D2FA8AE840062DAF9 /* dAIly drip */,
				CDEF937A2FA8AE850062DAF9 /* dAIly dripTests */,
				CDEF93842FA8AE860062DAF9 /* dAIly dripUITests */,
			);
		};
/* End PBXProject section */

/* Begin PBXResourcesBuildPhase section */
		CDEF936C2FA8AE840062DAF9 /* Resources */ = {
			isa = PBXResourcesBuildPhase;
			buildActionMask = 2147483647;
			files = (
				C2D3676D2FA8B2290038A85F /* GoogleService-Info.plist in Resources */,
			);
			runOnlyForDeploymentPostprocessing = 0;
		};
		CDEF93792FA8AE850062DAF9 /* Resources */ = {
			isa = PBXResourcesBuildPhase;
			buildActionMask = 2147483647;
			files = (
			);
			runOnlyForDeploymentPostprocessing = 0;
		};
		CDEF93832FA8AE860062DAF9 /* Resources */ = {
			isa = PBXResourcesBuildPhase;
			buildActionMask = 2147483647;
			files = (
			);
			runOnlyForDeploymentPostprocessing = 0;
		};
/* End PBXResourcesBuildPhase section */

/* Begin PBXSourcesBuildPhase section */
		CDEF936A2FA8AE840062DAF9 /* Sources */ = {
			isa = PBXSourcesBuildPhase;
			buildActionMask = 2147483647;
			files = (
			);
			runOnlyForDeploymentPostprocessing = 0;
		};
		CDEF93772FA8AE850062DAF9 /* Sources */ = {
			isa = PBXSourcesBuildPhase;
			buildActionMask = 2147483647;
			files = (
			);
			runOnlyForDeploymentPostprocessing = 0;
		};
		CDEF93812FA8AE860062DAF9 /* Sources */ = {
			isa = PBXSourcesBuildPhase;
			buildActionMask = 2147483647;
			files = (
			);
			runOnlyForDeploymentPostprocessing = 0;
		};
/* End PBXSourcesBuildPhase section */

/* Begin PBXTargetDependency section */
		CDEF937D2FA8AE850062DAF9 /* PBXTargetDependency */ = {
			isa = PBXTargetDependency;
			target = CDEF936D2FA8AE840062DAF9 /* dAIly drip */;
			targetProxy = CDEF937C2FA8AE850062DAF9 /* PBXContainerItemProxy */;
		};
		CDEF93872FA8AE860062DAF9 /* PBXTargetDependency */ = {
			isa = PBXTargetDependency;
			target = CDEF936D2FA8AE840062DAF9 /* dAIly drip */;
			targetProxy = CDEF93862FA8AE860062DAF9 /* PBXContainerItemProxy */;
		};
/* End PBXTargetDependency section */

/* Begin XCBuildConfiguration section */
		CDEF938D2FA8AE860062DAF9 /* Debug */ = {
			isa = XCBuildConfiguration;
			buildSettings = {
				ALWAYS_SEARCH_USER_PATHS = NO;
				ASSETCATALOG_COMPILER_GENERATE_SWIFT_ASSET_SYMBOL_EXTENSIONS = YES;
				CLANG_ANALYZER_NONNULL = YES;
				CLANG_ANALYZER_NUMBER_OBJECT_CONVERSION = YES_AGGRESSIVE;
				CLANG_CXX_LANGUAGE_STANDARD = "gnu++20";
				CLANG_ENABLE_MODULES = YES;
				CLANG_ENABLE_OBJC_ARC = YES;
				CLANG_ENABLE_OBJC_WEAK = YES;
				CLANG_WARN_BLOCK_CAPTURE_AUTORELEASING = YES;
				CLANG_WARN_BOOL_CONVERSION = YES;
				CLANG_WARN_COMMA = YES;
				CLANG_WARN_CONSTANT_CONVERSION = YES;
				CLANG_WARN_DEPRECATED_OBJC_IMPLEMENTATIONS = YES;
				CLANG_WARN_DIRECT_OBJC_ISA_USAGE = YES_ERROR;
				CLANG_WARN_DOCUMENTATION_COMMENTS = YES;
				CLANG_WARN_EMPTY_BODY = YES;
				CLANG_WARN_ENUM_CONVERSION = YES;
				CLANG_WARN_INFINITE_RECURSION = YES;
				CLANG_WARN_INT_CONVERSION = YES;
				CLANG_WARN_NON_LITERAL_NULL_CONVERSION = YES;
				CLANG_WARN_OBJC_IMPLICIT_RETAIN_SELF = YES;
				CLANG_WARN_OBJC_LITERAL_CONVERSION = YES;
				CLANG_WARN_OBJC_ROOT_CLASS = YES_ERROR;
				CLANG_WARN_QUOTED_INCLUDE_IN_FRAMEWORK_HEADER = YES;
				CLANG_WARN_RANGE_LOOP_ANALYSIS = YES;
				CLANG_WARN_STRICT_PROTOTYPES = YES;
				CLANG_WARN_SUSPICIOUS_MOVE = YES;
				CLANG_WARN_UNGUARDED_AVAILABILITY = YES_AGGRESSIVE;
				CLANG_WARN_UNREACHABLE_CODE = YES;
				CLANG_WARN__DUPLICATE_METHOD_MATCH = YES;
				COPY_PHASE_STRIP = NO;
				DEBUG_INFORMATION_FORMAT = dwarf;
				ENABLE_STRICT_OBJC_MSGSEND = YES;
				ENABLE_TESTABILITY = YES;
				ENABLE_USER_SCRIPT_SANDBOXING = YES;
				GCC_C_LANGUAGE_STANDARD = gnu17;
				GCC_DYNAMIC_NO_PIC = NO;
				GCC_NO_COMMON_BLOCKS = YES;
				GCC_OPTIMIZATION_LEVEL = 0;
				GCC_PREPROCESSOR_DEFINITIONS = (
					"DEBUG=1",
					"$(inherited)",
				);
				GCC_WARN_64_TO_32_BIT_CONVERSION = YES;
				GCC_WARN_ABOUT_RETURN_TYPE = YES_ERROR;
				GCC_WARN_UNDECLARED_SELECTOR = YES;
				GCC_WARN_UNINITIALIZED_AUTOS = YES_AGGRESSIVE;
				GCC_WARN_UNUSED_FUNCTION = YES;
				GCC_WARN_UNUSED_VARIABLE = YES;
				IPHONEOS_DEPLOYMENT_TARGET = 26.2;
				LOCALIZATION_PREFERS_STRING_CATALOGS = YES;
				MTL_ENABLE_DEBUG_INFO = INCLUDE_SOURCE;
				MTL_FAST_MATH = YES;
				ONLY_ACTIVE_ARCH = YES;
				SDKROOT = iphoneos;
				SWIFT_ACTIVE_COMPILATION_CONDITIONS = "DEBUG $(inherited)";
				SWIFT_OPTIMIZATION_LEVEL = "-Onone";
			};
			name = Debug;
		};
		CDEF938E2FA8AE860062DAF9 /* Release */ = {
			isa = XCBuildConfiguration;
			buildSettings = {
				ALWAYS_SEARCH_USER_PATHS = NO;
				ASSETCATALOG_COMPILER_GENERATE_SWIFT_ASSET_SYMBOL_EXTENSIONS = YES;
				CLANG_ANALYZER_NONNULL = YES;
				CLANG_ANALYZER_NUMBER_OBJECT_CONVERSION = YES_AGGRESSIVE;
				CLANG_CXX_LANGUAGE_STANDARD = "gnu++20";
				CLANG_ENABLE_MODULES = YES;
				CLANG_ENABLE_OBJC_ARC = YES;
				CLANG_ENABLE_OBJC_WEAK = YES;
				CLANG_WARN_BLOCK_CAPTURE_AUTORELEASING = YES;
				CLANG_WARN_BOOL_CONVERSION = YES;
				CLANG_WARN_COMMA = YES;
				CLANG_WARN_CONSTANT_CONVERSION = YES;
				CLANG_WARN_DEPRECATED_OBJC_IMPLEMENTATIONS = YES;
				CLANG_WARN_DIRECT_OBJC_ISA_USAGE = YES_ERROR;
				CLANG_WARN_DOCUMENTATION_COMMENTS = YES;
				CLANG_WARN_EMPTY_BODY = YES;
				CLANG_WARN_ENUM_CONVERSION = YES;
				CLANG_WARN_INFINITE_RECURSION = YES;
				CLANG_WARN_INT_CONVERSION = YES;
				CLANG_WARN_NON_LITERAL_NULL_CONVERSION = YES;
				CLANG_WARN_OBJC_IMPLICIT_RETAIN_SELF = YES;
				CLANG_WARN_OBJC_LITERAL_CONVERSION = YES;
				CLANG_WARN_OBJC_ROOT_CLASS = YES_ERROR;
				CLANG_WARN_QUOTED_INCLUDE_IN_FRAMEWORK_HEADER = YES;
				CLANG_WARN_RANGE_LOOP_ANALYSIS = YES;
				CLANG_WARN_STRICT_PROTOTYPES = YES;
				CLANG_WARN_SUSPICIOUS_MOVE = YES;
				CLANG_WARN_UNGUARDED_AVAILABILITY = YES_AGGRESSIVE;
				CLANG_WARN_UNREACHABLE_CODE = YES;
				CLANG_WARN__DUPLICATE_METHOD_MATCH = YES;
				COPY_PHASE_STRIP = NO;
				DEBUG_INFORMATION_FORMAT = "dwarf-with-dsym";
				ENABLE_NS_ASSERTIONS = NO;
				ENABLE_STRICT_OBJC_MSGSEND = YES;
				ENABLE_USER_SCRIPT_SANDBOXING = YES;
				GCC_C_LANGUAGE_STANDARD = gnu17;
				GCC_NO_COMMON_BLOCKS = YES;
				GCC_WARN_64_TO_32_BIT_CONVERSION = YES;
				GCC_WARN_ABOUT_RETURN_TYPE = YES_ERROR;
				GCC_WARN_UNDECLARED_SELECTOR = YES;
				GCC_WARN_UNINITIALIZED_AUTOS = YES_AGGRESSIVE;
				GCC_WARN_UNUSED_FUNCTION = YES;
				GCC_WARN_UNUSED_VARIABLE = YES;
				IPHONEOS_DEPLOYMENT_TARGET = 26.2;
				LOCALIZATION_PREFERS_STRING_CATALOGS = YES;
				MTL_ENABLE_DEBUG_INFO = NO;
				MTL_FAST_MATH = YES;
				SDKROOT = iphoneos;
				SWIFT_COMPILATION_MODE = wholemodule;
				VALIDATE_PRODUCT = YES;
			};
			name = Release;
		};
		CDEF93902FA8AE860062DAF9 /* Debug */ = {
			isa = XCBuildConfiguration;
			buildSettings = {
				ASSETCATALOG_COMPILER_APPICON_NAME = AppIcon;
				ASSETCATALOG_COMPILER_GLOBAL_ACCENT_COLOR_NAME = AccentColor;
				CODE_SIGN_STYLE = Automatic;
				CURRENT_PROJECT_VERSION = 1;
				ENABLE_PREVIEWS = YES;
				GENERATE_INFOPLIST_FILE = YES;
				INFOPLIST_KEY_NSCameraUsageDescription = "Take photos of your wardrobe so dAIly drip can categorize them.";
				INFOPLIST_KEY_NSPhotoLibraryUsageDescription = "Choose existing photos to add to your closet.";
				INFOPLIST_KEY_UIApplicationSceneManifest_Generation = YES;
				INFOPLIST_KEY_UIApplicationSupportsIndirectInputEvents = YES;
				INFOPLIST_KEY_UILaunchScreen_Generation = YES;
				INFOPLIST_KEY_UISupportedInterfaceOrientations_iPad = "UIInterfaceOrientationPortrait UIInterfaceOrientationPortraitUpsideDown UIInterfaceOrientationLandscapeLeft UIInterfaceOrientationLandscapeRight";
				INFOPLIST_KEY_UISupportedInterfaceOrientations_iPhone = "UIInterfaceOrientationPortrait UIInterfaceOrientationLandscapeLeft UIInterfaceOrientationLandscapeRight";
				LD_RUNPATH_SEARCH_PATHS = (
					"$(inherited)",
					"@executable_path/Frameworks",
				);
				MARKETING_VERSION = 1.0;
				PRODUCT_BUNDLE_IDENTIFIER = "io.iosKonf.dAIly-drip";
				PRODUCT_NAME = "$(TARGET_NAME)";
				STRING_CATALOG_GENERATE_SYMBOLS = YES;
				SUPPORTED_PLATFORMS = "iphoneos iphonesimulator";
				SUPPORTS_MACCATALYST = NO;
				SUPPORTS_MAC_DESIGNED_FOR_IPHONE_IPAD = NO;
				SUPPORTS_XR_DESIGNED_FOR_IPHONE_IPAD = NO;
				SWIFT_APPROACHABLE_CONCURRENCY = YES;
				SWIFT_DEFAULT_ACTOR_ISOLATION = MainActor;
				SWIFT_EMIT_LOC_STRINGS = YES;
				SWIFT_UPCOMING_FEATURE_MEMBER_IMPORT_VISIBILITY = YES;
				SWIFT_VERSION = 5.0;
				TARGETED_DEVICE_FAMILY = 1;
			};
			name = Debug;
		};
		CDEF93912FA8AE860062DAF9 /* Release */ = {
			isa = XCBuildConfiguration;
			buildSettings = {
				ASSETCATALOG_COMPILER_APPICON_NAME = AppIcon;
				ASSETCATALOG_COMPILER_GLOBAL_ACCENT_COLOR_NAME = AccentColor;
				CODE_SIGN_STYLE = Automatic;
				CURRENT_PROJECT_VERSION = 1;
				ENABLE_PREVIEWS = YES;
				GENERATE_INFOPLIST_FILE = YES;
				INFOPLIST_KEY_NSCameraUsageDescription = "Take photos of your wardrobe so dAIly drip can categorize them.";
				INFOPLIST_KEY_NSPhotoLibraryUsageDescription = "Choose existing photos to add to your closet.";
				INFOPLIST_KEY_UIApplicationSceneManifest_Generation = YES;
				INFOPLIST_KEY_UIApplicationSupportsIndirectInputEvents = YES;
				INFOPLIST_KEY_UILaunchScreen_Generation = YES;
				INFOPLIST_KEY_UISupportedInterfaceOrientations_iPad = "UIInterfaceOrientationPortrait UIInterfaceOrientationPortraitUpsideDown UIInterfaceOrientationLandscapeLeft UIInterfaceOrientationLandscapeRight";
				INFOPLIST_KEY_UISupportedInterfaceOrientations_iPhone = "UIInterfaceOrientationPortrait UIInterfaceOrientationLandscapeLeft UIInterfaceOrientationLandscapeRight";
				LD_RUNPATH_SEARCH_PATHS = (
					"$(inherited)",
					"@executable_path/Frameworks",
				);
				MARKETING_VERSION = 1.0;
				PRODUCT_BUNDLE_IDENTIFIER = "io.iosKonf.dAIly-drip";
				PRODUCT_NAME = "$(TARGET_NAME)";
				STRING_CATALOG_GENERATE_SYMBOLS = YES;
				SUPPORTED_PLATFORMS = "iphoneos iphonesimulator";
				SUPPORTS_MACCATALYST = NO;
				SUPPORTS_MAC_DESIGNED_FOR_IPHONE_IPAD = NO;
				SUPPORTS_XR_DESIGNED_FOR_IPHONE_IPAD = NO;
				SWIFT_APPROACHABLE_CONCURRENCY = YES;
				SWIFT_DEFAULT_ACTOR_ISOLATION = MainActor;
				SWIFT_EMIT_LOC_STRINGS = YES;
				SWIFT_UPCOMING_FEATURE_MEMBER_IMPORT_VISIBILITY = YES;
				SWIFT_VERSION = 5.0;
				TARGETED_DEVICE_FAMILY = 1;
			};
			name = Release;
		};
		CDEF93932FA8AE860062DAF9 /* Debug */ = {
			isa = XCBuildConfiguration;
			buildSettings = {
				BUNDLE_LOADER = "$(TEST_HOST)";
				CODE_SIGN_STYLE = Automatic;
				CURRENT_PROJECT_VERSION = 1;
				GENERATE_INFOPLIST_FILE = YES;
				IPHONEOS_DEPLOYMENT_TARGET = 26.2;
				MARKETING_VERSION = 1.0;
				PRODUCT_BUNDLE_IDENTIFIER = "io.iosKonf.dAIly-dripTests";
				PRODUCT_NAME = "$(TARGET_NAME)";
				STRING_CATALOG_GENERATE_SYMBOLS = NO;
				SWIFT_APPROACHABLE_CONCURRENCY = YES;
				SWIFT_EMIT_LOC_STRINGS = NO;
				SWIFT_UPCOMING_FEATURE_MEMBER_IMPORT_VISIBILITY = YES;
				SWIFT_VERSION = 5.0;
				TARGETED_DEVICE_FAMILY = "1,2";
				TEST_HOST = "$(BUILT_PRODUCTS_DIR)/dAIly drip.app/$(BUNDLE_EXECUTABLE_FOLDER_PATH)/dAIly drip";
			};
			name = Debug;
		};
		CDEF93942FA8AE860062DAF9 /* Release */ = {
			isa = XCBuildConfiguration;
			buildSettings = {
				BUNDLE_LOADER = "$(TEST_HOST)";
				CODE_SIGN_STYLE = Automatic;
				CURRENT_PROJECT_VERSION = 1;
				GENERATE_INFOPLIST_FILE = YES;
				IPHONEOS_DEPLOYMENT_TARGET = 26.2;
				MARKETING_VERSION = 1.0;
				PRODUCT_BUNDLE_IDENTIFIER = "io.iosKonf.dAIly-dripTests";
				PRODUCT_NAME = "$(TARGET_NAME)";
				STRING_CATALOG_GENERATE_SYMBOLS = NO;
				SWIFT_APPROACHABLE_CONCURRENCY = YES;
				SWIFT_EMIT_LOC_STRINGS = NO;
				SWIFT_UPCOMING_FEATURE_MEMBER_IMPORT_VISIBILITY = YES;
				SWIFT_VERSION = 5.0;
				TARGETED_DEVICE_FAMILY = "1,2";
				TEST_HOST = "$(BUILT_PRODUCTS_DIR)/dAIly drip.app/$(BUNDLE_EXECUTABLE_FOLDER_PATH)/dAIly drip";
			};
			name = Release;
		};
		CDEF93962FA8AE860062DAF9 /* Debug */ = {
			isa = XCBuildConfiguration;
			buildSettings = {
				CODE_SIGN_STYLE = Automatic;
				CURRENT_PROJECT_VERSION = 1;
				GENERATE_INFOPLIST_FILE = YES;
				MARKETING_VERSION = 1.0;
				PRODUCT_BUNDLE_IDENTIFIER = "io.iosKonf.dAIly-dripUITests";
				PRODUCT_NAME = "$(TARGET_NAME)";
				STRING_CATALOG_GENERATE_SYMBOLS = NO;
				SWIFT_APPROACHABLE_CONCURRENCY = YES;
				SWIFT_EMIT_LOC_STRINGS = NO;
				SWIFT_UPCOMING_FEATURE_MEMBER_IMPORT_VISIBILITY = YES;
				SWIFT_VERSION = 5.0;
				TARGETED_DEVICE_FAMILY = "1,2";
				TEST_TARGET_NAME = "dAIly drip";
			};
			name = Debug;
		};
		CDEF93972FA8AE860062DAF9 /* Release */ = {
			isa = XCBuildConfiguration;
			buildSettings = {
				CODE_SIGN_STYLE = Automatic;
				CURRENT_PROJECT_VERSION = 1;
				GENERATE_INFOPLIST_FILE = YES;
				MARKETING_VERSION = 1.0;
				PRODUCT_BUNDLE_IDENTIFIER = "io.iosKonf.dAIly-dripUITests";
				PRODUCT_NAME = "$(TARGET_NAME)";
				STRING_CATALOG_GENERATE_SYMBOLS = NO;
				SWIFT_APPROACHABLE_CONCURRENCY = YES;
				SWIFT_EMIT_LOC_STRINGS = NO;
				SWIFT_UPCOMING_FEATURE_MEMBER_IMPORT_VISIBILITY = YES;
				SWIFT_VERSION = 5.0;
				TARGETED_DEVICE_FAMILY = "1,2";
				TEST_TARGET_NAME = "dAIly drip";
			};
			name = Release;
		};
/* End XCBuildConfiguration section */

/* Begin XCConfigurationList section */
		CDEF93692FA8AE840062DAF9 /* Build configuration list for PBXProject "dAIly drip" */ = {
			isa = XCConfigurationList;
			buildConfigurations = (
				CDEF938D2FA8AE860062DAF9 /* Debug */,
				CDEF938E2FA8AE860062DAF9 /* Release */,
			);
			defaultConfigurationIsVisible = 0;
			defaultConfigurationName = Release;
		};
		CDEF938F2FA8AE860062DAF9 /* Build configuration list for PBXNativeTarget "dAIly drip" */ = {
			isa = XCConfigurationList;
			buildConfigurations = (
				CDEF93902FA8AE860062DAF9 /* Debug */,
				CDEF93912FA8AE860062DAF9 /* Release */,
			);
			defaultConfigurationIsVisible = 0;
			defaultConfigurationName = Release;
		};
		CDEF93922FA8AE860062DAF9 /* Build configuration list for PBXNativeTarget "dAIly dripTests" */ = {
			isa = XCConfigurationList;
			buildConfigurations = (
				CDEF93932FA8AE860062DAF9 /* Debug */,
				CDEF93942FA8AE860062DAF9 /* Release */,
			);
			defaultConfigurationIsVisible = 0;
			defaultConfigurationName = Release;
		};
		CDEF93952FA8AE860062DAF9 /* Build configuration list for PBXNativeTarget "dAIly dripUITests" */ = {
			isa = XCConfigurationList;
			buildConfigurations = (
				CDEF93962FA8AE860062DAF9 /* Debug */,
				CDEF93972FA8AE860062DAF9 /* Release */,
			);
			defaultConfigurationIsVisible = 0;
			defaultConfigurationName = Release;
		};
/* End XCConfigurationList section */

/* Begin XCRemoteSwiftPackageReference section */
		C2D3676E2FA8B4390038A85F /* XCRemoteSwiftPackageReference "firebase-ios-sdk" */ = {
			isa = XCRemoteSwiftPackageReference;
			repositoryURL = "https://github.com/firebase/firebase-ios-sdk";
			requirement = {
				kind = upToNextMajorVersion;
				minimumVersion = 12.12.1;
			};
		};
		C2D3699B2FA8DC590038A85F /* XCRemoteSwiftPackageReference "purchases-ios-spm" */ = {
			isa = XCRemoteSwiftPackageReference;
			repositoryURL = "https://github.com/RevenueCat/purchases-ios-spm";
			requirement = {
				kind = upToNextMajorVersion;
				minimumVersion = 5.70.0;
			};
		};
/* End XCRemoteSwiftPackageReference section */

/* Begin XCSwiftPackageProductDependency section */
		C2D3676F2FA8B4390038A85F /* FirebaseAI */ = {
			isa = XCSwiftPackageProductDependency;
			package = C2D3676E2FA8B4390038A85F /* XCRemoteSwiftPackageReference "firebase-ios-sdk" */;
			productName = FirebaseAI;
		};
		C2D367712FA8B4390038A85F /* FirebaseAILogic */ = {
			isa = XCSwiftPackageProductDependency;
			package = C2D3676E2FA8B4390038A85F /* XCRemoteSwiftPackageReference "firebase-ios-sdk" */;
			productName = FirebaseAILogic;
		};
		C2D367732FA8B4390038A85F /* FirebaseCore */ = {
			isa = XCSwiftPackageProductDependency;
			package = C2D3676E2FA8B4390038A85F /* XCRemoteSwiftPackageReference "firebase-ios-sdk" */;
			productName = FirebaseCore;
		};
		C2D367752FA8B4390038A85F /* FirebaseFirestore */ = {
			isa = XCSwiftPackageProductDependency;
			package = C2D3676E2FA8B4390038A85F /* XCRemoteSwiftPackageReference "firebase-ios-sdk" */;
			productName = FirebaseFirestore;
		};
		C2D367772FA8B4390038A85F /* FirebaseStorage */ = {
			isa = XCSwiftPackageProductDependency;
			package = C2D3676E2FA8B4390038A85F /* XCRemoteSwiftPackageReference "firebase-ios-sdk" */;
			productName = FirebaseStorage;
		};
		C2D3699C2FA8DC590038A85F /* RevenueCat */ = {
			isa = XCSwiftPackageProductDependency;
			package = C2D3699B2FA8DC590038A85F /* XCRemoteSwiftPackageReference "purchases-ios-spm" */;
			productName = RevenueCat;
		};
		C2D3699E2FA8DC590038A85F /* RevenueCatUI */ = {
			isa = XCSwiftPackageProductDependency;
			package = C2D3699B2FA8DC590038A85F /* XCRemoteSwiftPackageReference "purchases-ios-spm" */;
			productName = RevenueCatUI;
		};
/* End XCSwiftPackageProductDependency section */
	};
	rootObject = CDEF93662FA8AE840062DAF9 /* Project object */;
}
